
Microsoft Visual Studio Solution File, Format Version 12.00
# Visual Studio 2013
VisualStudioVersion = 12.0.21005.1
MinimumVisualStudioVersion = 10.0.40219.1
Project("{FAE04EC0-301F-11D3-BF4B-00C04F79EFBC}") = "WebSpiderService.Console", "WebSpiderService.Console\WebSpiderService.Console.csproj", "{E6BF1BDD-4FC7-4F0A-A103-C3337A0386ED}"
EndProject
Project("{FAE04EC0-301F-11D3-BF4B-00C04F79EFBC}") = "WebSpiderService.Common", "WebSpiderService.Common\WebSpiderService.Common.csproj", "{479CFEF8-044C-42F5-8A88-CF5A543A84C1}"
EndProject
Project("{FAE04EC0-301F-11D3-BF4B-00C04F79EFBC}") = "WebSpiderService.Wcf.Contract", "WebSpiderService.Wcf.Contract\WebSpiderService.Wcf.Contract.csproj", "{051707A5-DC54-4516-84D8-960127CBEEEB}"
EndProject
Project("{FAE04EC0-301F-11D3-BF4B-00C04F79EFBC}") = "WebSpiderService.Wcf.Impl", "WebSpiderService.Wcf.Impl\WebSpiderService.Wcf.Impl.csproj", "{25BE5196-7163-435D-84EE-25FA3A164A96}"
EndProject
Project("{FAE04EC0-301F-11D3-BF4B-00C04F79EFBC}") = "WebSpiderService.WinService", "WebSpiderService.WinService\WebSpiderService.WinService.csproj", "{89C832B5-FEE1-410A-BCEC-246FAFB07395}"
EndProject
Project("{FAE04EC0-301F-11D3-BF4B-00C04F79EFBC}") = "WebSpiderService.Impl", "WebSpiderService.Impl\WebSpiderService.Impl.csproj", "{E15EEB27-A7C7-4405-AE17-B791D29C8909}"
EndProject
Global
	GlobalSection(SolutionConfigurationPlatforms) = preSolution
		Debug|Any CPU = Debug|Any CPU
		Release|Any CPU = Release|Any CPU
	EndGlobalSection
	GlobalSection(ProjectConfigurationPlatforms) = postSolution
		{E6BF1BDD-4FC7-4F0A-A103-C3337A0386ED}.Debug|Any CPU.ActiveCfg = Debug|Any CPU
		{E6BF1BDD-4FC7-4F0A-A103-C3337A0386ED}.Debug|Any CPU.Build.0 = Debug|Any CPU
		{E6BF1BDD-4FC7-4F0A-A103-C3337A0386ED}.Release|Any CPU.ActiveCfg = Release|Any CPU
		{E6BF1BDD-4FC7-4F0A-A103-C3337A0386ED}.Release|Any CPU.Build.0 = Release|Any CPU
		{479CFEF8-044C-42F5-8A88-CF5A543A84C1}.Debug|Any CPU.ActiveCfg = Debug|Any CPU
		{479CFEF8-044C-42F5-8A88-CF5A543A84C1}.Debug|Any CPU.Build.0 = Debug|Any CPU
		{479CFEF8-044C-42F5-8A88-CF5A543A84C1}.Release|Any CPU.ActiveCfg = Release|Any CPU
		{479CFEF8-044C-42F5-8A88-CF5A543A84C1}.Release|Any CPU.Build.0 = Release|Any CPU
		{051707A5-DC54-4516-84D8-960127CBEEEB}.Debug|Any CPU.ActiveCfg = Debug|Any CPU
		{051707A5-DC54-4516-84D8-960127CBEEEB}.Debug|Any CPU.Build.0 = Debug|Any CPU
		{051707A5-DC54-4516-84D8-960127CBEEEB}.Release|Any CPU.ActiveCfg = Release|Any CPU
		{051707A5-DC54-4516-84D8-960127CBEEEB}.Release|Any CPU.Build.0 = Release|Any CPU
		{25BE5196-7163-435D-84EE-25FA3A164A96}.Debug|Any CPU.ActiveCfg = Debug|Any CPU
		{25BE5196-7163-435D-84EE-25FA3A164A96}.Debug|Any CPU.Build.0 = Debug|Any CPU
		{25BE5196-7163-435D-84EE-25FA3A164A96}.Release|Any CPU.ActiveCfg = Release|Any CPU
		{25BE5196-7163-435D-84EE-25FA3A164A96}.Release|Any CPU.Build.0 = Release|Any CPU
		{89C832B5-FEE1-410A-BCEC-246FAFB07395}.Debug|Any CPU.ActiveCfg = Debug|Any CPU
		{89C832B5-FEE1-410A-BCEC-246FAFB07395}.Debug|Any CPU.Build.0 = Debug|Any CPU
		{89C832B5-FEE1-410A-BCEC-246FAFB07395}.Release|Any CPU.ActiveCfg = Release|Any CPU
		{89C832B5-FEE1-410A-BCEC-246FAFB07395}.Release|Any CPU.Build.0 = Release|Any CPU
		{E15EEB27-A7C7-4405-AE17-B791D29C8909}.Debug|Any CPU.ActiveCfg = Debug|Any CPU
		{E15EEB27-A7C7-4405-AE17-B791D29C8909}.Debug|Any CPU.Build.0 = Debug|Any CPU
		{E15EEB27-A7C7-4405-AE17-B791D29C8909}.Release|Any CPU.ActiveCfg = Release|Any CPU
		{E15EEB27-A7C7-4405-AE17-B791D29C8909}.Release|Any CPU.Build.0 = Release|Any CPU
	EndGlobalSection
	GlobalSection(SolutionProperties) = preSolution
		HideSolutionNode = FALSE
	EndGlobalSection
EndGlobal
